
Microsoft Visual Studio Solution File, Format Version 12.00
# Visual Studio Version 17
VisualStudioVersion = 17.13.35825.156
MinimumVisualStudioVersion = 10.0.40219.1
Project("{FAE04EC0-301F-11D3-BF4B-00C04F79EFBC}") = "Assignment-01", "Assignment-01\Assignment-01.csproj", "{88D45849-C042-4E97-82B7-DA3126FCFBB7}"
EndProject
Project("{FAE04EC0-301F-11D3-BF4B-00C04F79EFBC}") = "Assignment-02", "Assignment-02\Assignment-02.csproj", "{2D21D7E3-0B37-4CC1-8B28-E1C651BC6070}"
EndProject
Project("{FAE04EC0-301F-11D3-BF4B-00C04F79EFBC}") = "Assignment-03", "Assignment-03\Assignment-03.csproj", "{42AE1F3A-9D1A-43EF-96FD-C49EC366559A}"
EndProject
Global
	GlobalSection(SolutionConfigurationPlatforms) = preSolution
		Debug|Any CPU = Debug|Any CPU
		Release|Any CPU = Release|Any CPU
	EndGlobalSection
	GlobalSection(ProjectConfigurationPlatforms) = postSolution
		{88D45849-C042-4E97-82B7-DA3126FCFBB7}.Debug|Any CPU.ActiveCfg = Debug|Any CPU
		{88D45849-C042-4E97-82B7-DA3126FCFBB7}.Debug|Any CPU.Build.0 = Debug|Any CPU
		{88D45849-C042-4E97-82B7-DA3126FCFBB7}.Release|Any CPU.ActiveCfg = Release|Any CPU
		{88D45849-C042-4E97-82B7-DA3126FCFBB7}.Release|Any CPU.Build.0 = Release|Any CPU
		{2D21D7E3-0B37-4CC1-8B28-E1C651BC6070}.Debug|Any CPU.ActiveCfg = Debug|Any CPU
		{2D21D7E3-0B37-4CC1-8B28-E1C651BC6070}.Debug|Any CPU.Build.0 = Debug|Any CPU
		{2D21D7E3-0B37-4CC1-8B28-E1C651BC6070}.Release|Any CPU.ActiveCfg = Release|Any CPU
		{2D21D7E3-0B37-4CC1-8B28-E1C651BC6070}.Release|Any CPU.Build.0 = Release|Any CPU
		{42AE1F3A-9D1A-43EF-96FD-C49EC366559A}.Debug|Any CPU.ActiveCfg = Debug|Any CPU
		{42AE1F3A-9D1A-43EF-96FD-C49EC366559A}.Debug|Any CPU.Build.0 = Debug|Any CPU
		{42AE1F3A-9D1A-43EF-96FD-C49EC366559A}.Release|Any CPU.ActiveCfg = Release|Any CPU
		{42AE1F3A-9D1A-43EF-96FD-C49EC366559A}.Release|Any CPU.Build.0 = Release|Any CPU
	EndGlobalSection
	GlobalSection(SolutionProperties) = preSolution
		HideSolutionNode = FALSE
	EndGlobalSection
	GlobalSection(ExtensibilityGlobals) = postSolution
		SolutionGuid = {0D113921-7714-4450-8C0F-1AB69C91D5EC}
	EndGlobalSection
EndGlobal
